
Microsoft Visual Studio Solution File, Format Version 12.00
# Visual Studio Version 17
VisualStudioVersion = 17.13.35931.197
MinimumVisualStudioVersion = 10.0.40219.1
Project("{FAE04EC0-301F-11D3-BF4B-00C04F79EFBC}") = "GabyWorld", "GabyWorld\GabyWorld.csproj", "{510ECE8E-93D1-4DEC-968D-AC2D0229877B}"
EndProject
Project("{FAE04EC0-301F-11D3-BF4B-00C04F79EFBC}") = "SqlConnector", "SqlConnector\SqlConnector.csproj", "{9C29B14B-1F4B-482B-AB28-409C5451C9E4}"
EndProject
Global
	GlobalSection(SolutionConfigurationPlatforms) = preSolution
		Debug|Any CPU = Debug|Any CPU
		Release|Any CPU = Release|Any CPU
	EndGlobalSection
	GlobalSection(ProjectConfigurationPlatforms) = postSolution
		{510ECE8E-93D1-4DEC-968D-AC2D0229877B}.Debug|Any CPU.ActiveCfg = Debug|Any CPU
		{510ECE8E-93D1-4DEC-968D-AC2D0229877B}.Debug|Any CPU.Build.0 = Debug|Any CPU
		{510ECE8E-93D1-4DEC-968D-AC2D0229877B}.Release|Any CPU.ActiveCfg = Release|Any CPU
		{510ECE8E-93D1-4DEC-968D-AC2D0229877B}.Release|Any CPU.Build.0 = Release|Any CPU
		{9C29B14B-1F4B-482B-AB28-409C5451C9E4}.Debug|Any CPU.ActiveCfg = Debug|Any CPU
		{9C29B14B-1F4B-482B-AB28-409C5451C9E4}.Debug|Any CPU.Build.0 = Debug|Any CPU
		{9C29B14B-1F4B-482B-AB28-409C5451C9E4}.Release|Any CPU.ActiveCfg = Release|Any CPU
		{9C29B14B-1F4B-482B-AB28-409C5451C9E4}.Release|Any CPU.Build.0 = Release|Any CPU
	EndGlobalSection
	GlobalSection(SolutionProperties) = preSolution
		HideSolutionNode = FALSE
	EndGlobalSection
	GlobalSection(ExtensibilityGlobals) = postSolution
		SolutionGuid = {AF5E60B3-9B67-492A-BBAB-3554C1B02C28}
	EndGlobalSection
EndGlobal
